{
  "name": "verdant-chat",
  "version": "0.1.0",
  "lockfileVersion": 3,
  "requires": true,
  "packages": {
    "": {
      "name": "verdant-chat",
      "version": "0.1.0",
      "hasInstallScript": true,
      "workspaces": [
        "apps/*"
      ],
      "devDependencies": {
        "concurrently": "^9.1.2"
      },
      "engines": {
        "node": "22.x",
        "npm": ">=10 <12"
      }
    },
    "apps/client": {
      "name": "@verdant/client",
      "version": "0.1.0",
      "dependencies": {
        "@capacitor/core": "^7.0.1",
        "dexie": "^4.0.11",
        "emoji-picker-react": "^4.12.0",
        "lucide-react": "^0.468.0",
        "react": "^19.0.0",
        "react-dom": "^19.0.0",
        "socket.io-client": "^4.8.1"
      },
      "devDependencies": {
        "@capacitor/android": "^7.0.1",
        "@capacitor/cli": "^7.0.1",
        "@vitejs/plugin-react": "^4.3.4",
        "concurrently": "^9.1.2",
        "electron": "34.5.8",
        "electron-builder": "26.11.1",
        "vite": "^6.0.5",
        "vite-plugin-pwa": "^0.21.1",
        "wait-on": "^8.0.2"
      }
    },
    "apps/client-v2": {
      "name": "@verdant/client-v2",
      "version": "0.1.0",
      "dependencies": {
        "@capacitor/core": "^7.0.1",
        "@ionic/react": "^8.7.0",
        "lucide-react": "^0.468.0",
        "react": "^19.0.0",
        "react-dom": "^19.0.0",
        "socket.io-client": "^4.8.1"
      },
      "devDependencies": {
        "@capacitor/android": "^7.0.1",
        "@capacitor/cli": "^7.0.1",
        "@vitejs/plugin-react": "^4.3.4",
        "electron": "34.5.8",
        "electron-builder": "26.11.1",
        "vite": "^6.0.5",
        "vite-plugin-pwa": "^0.21.1"
      }
    },
    "apps/server": {
      "name": "@verdant/server",
      "dependencies": {
        "argon2": "^0.41.1",
        "better-sqlite3": "12.11.1",
        "cookie-parser": "^1.4.7",
        "cors": "^2.8.5",
        "drizzle-orm": "^0.38.4",
        "express": "^4.21.2",
        "jsonwebtoken": "^9.0.2",
        "multer": "2.2.0",
        "rss-parser": "^3.13.0",
        "socket.io": "^4.8.1",
        "zod": "^3.24.2"
      }
    }
  }
}
